
Microsoft Visual Studio Solution File, Format Version 12.00
# Visual Studio Version 16
VisualStudioVersion = 16.0.31112.23
MinimumVisualStudioVersion = 10.0.40219.1
Project("{FAE04EC0-301F-11D3-BF4B-00C04F79EFBC}") = "interletconsultancy", "interletconsultancy\interletconsultancy.csproj", "{23F1A058-01CA-4C66-8338-E603E4E47EE6}"
EndProject
Global
	GlobalSection(SolutionConfigurationPlatforms) = preSolution
		Debug|Any CPU = Debug|Any CPU
		Release|Any CPU = Release|Any CPU
	EndGlobalSection
	GlobalSection(ProjectConfigurationPlatforms) = postSolution
		{23F1A058-01CA-4C66-8338-E603E4E47EE6}.Debug|Any CPU.ActiveCfg = Debug|Any CPU
		{23F1A058-01CA-4C66-8338-E603E4E47EE6}.Debug|Any CPU.Build.0 = Debug|Any CPU
		{23F1A058-01CA-4C66-8338-E603E4E47EE6}.Release|Any CPU.ActiveCfg = Release|Any CPU
		{23F1A058-01CA-4C66-8338-E603E4E47EE6}.Release|Any CPU.Build.0 = Release|Any CPU
	EndGlobalSection
	GlobalSection(SolutionProperties) = preSolution
		HideSolutionNode = FALSE
	EndGlobalSection
	GlobalSection(ExtensibilityGlobals) = postSolution
		SolutionGuid = {530EF051-73A3-4B3D-8936-DB1CEFF49ECE}
	EndGlobalSection
EndGlobal
